// !$*UTF8*$!
{
	archiveVersion = 1;
	classes = {
	};
	objectVersion = 50;
	objects = {

/* Begin PBXBuildFile section */
		7ED551B72651730E00B6E01C /* AppDelegate.swift in Sources */ = {isa = PBXBuildFile; fileRef = 7ED551B62651730E00B6E01C /* AppDelegate.swift */; };
		7ED551B92651730E00B6E01C /* SceneDelegate.swift in Sources */ = {isa = PBXBuildFile; fileRef = 7ED551B82651730E00B6E01C /* SceneDelegate.swift */; };
		7ED551BB2651730E00B6E01C /* ViewController.swift in Sources */ = {isa = PBXBuildFile; fileRef = 7ED551BA2651730E00B6E01C /* ViewController.swift */; };
		7ED551BE2651730E00B6E01C /* Main.storyboard in Resources */ = {isa = PBXBuildFile; fileRef = 7ED551BC2651730E00B6E01C /* Main.storyboard */; };
		7ED551C02651730F00B6E01C /* Assets.xcassets in Resources */ = {isa = PBXBuildFile; fileRef = 7ED551BF2651730F00B6E01C /* Assets.xcassets */; };
		7ED551C32651730F00B6E01C /* LaunchScreen.storyboard in Resources */ = {isa = PBXBuildFile; fileRef = 7ED551C12651730F00B6E01C /* LaunchScreen.storyboard */; };
		7ED551CE2651730F00B6E01C /* labTestTests.swift in Sources */ = {isa = PBXBuildFile; fileRef = 7ED551CD2651730F00B6E01C /* labTestTests.swift */; };
		7ED551D92651730F00B6E01C /* labTestUITests.swift in Sources */ = {isa = PBXBuildFile; fileRef = 7ED551D82651730F00B6E01C /* labTestUITests.swift */; };
/* End PBXBuildFile section */

/* Begin PBXContainerItemProxy section */
		7ED551CA2651730F00B6E01C /* PBXContainerItemProxy */ = {
			isa = PBXContainerItemProxy;
			containerPortal = 7ED551AB2651730E00B6E01C /* Project object */;
			proxyType = 1;
			remoteGlobalIDString = 7ED551B22651730E00B6E01C;
			remoteInfo = labTest;
		};
		7ED551D52651730F00B6E01C /* PBXContainerItemProxy */ = {
			isa = PBXContainerItemProxy;
			containerPortal = 7ED551AB2651730E00B6E01C /* Project object */;
			proxyType = 1;
			remoteGlobalIDString = 7ED551B22651730E00B6E01C;
			remoteInfo = labTest;
		};
/* End PBXContainerItemProxy section */

/* Begin PBXFileReference section */
		7ED551B32651730E00B6E01C /* labTest.app */ = {isa = PBXFileReference; explicitFileType = wrapper.application; includeInIndex = 0; path = labTest.app; sourceTree = BUILT_PRODUCTS_DIR; };
		7ED551B62651730E00B6E01C /* AppDelegate.swift */ = {isa = PBXFileReference; lastKnownFileType = sourcecode.swift; path = AppDelegate.swift; sourceTree = "<group>"; };
		7ED551B82651730E00B6E01C /* SceneDelegate.swift */ = {isa = PBXFileReference; lastKnownFileType = sourcecode.swift; path = SceneDelegate.swift; sourceTree = "<group>"; };
		7ED551BA2651730E00B6E01C /* ViewController.swift */ = {isa = PBXFileReference; lastKnownFileType = sourcecode.swift; path = ViewController.swift; sourceTree = "<group>"; };
		7ED551BD2651730E00B6E01C /* Base */ = {isa = PBXFileReference; lastKnownFileType = file.storyboard; name = Base; path = Base.lproj/Main.storyboard; sourceTree = "<group>"; };
		7ED551BF2651730F00B6E01C /* Assets.xcassets */ = {isa = PBXFileReference; lastKnownFileType = folder.assetcatalog; path = Assets.xcassets; sourceTree = "<group>"; };
		7ED551C22651730F00B6E01C /* Base */ = {isa = PBXFileReference; lastKnownFileType = file.storyboard; name = Base; path = Base.lproj/LaunchScreen.storyboard; sourceTree = "<group>"; };
		7ED551C42651730F00B6E01C /* Info.plist */ = {isa = PBXFileReference; lastKnownFileType = text.plist.xml; path = Info.plist; sourceTree = "<group>"; };
		7ED551C92651730F00B6E01C /* labTestTests.xctest */ = {isa = PBXFileReference; explicitFileType = wrapper.cfbundle; includeInIndex = 0; path = labTestTests.xctest; sourceTree = BUILT_PRODUCTS_DIR; };
		7ED551CD2651730F00B6E01C /* labTestTests.swift */ = {isa = PBXFileReference; lastKnownFileType = sourcecode.swift; path = labTestTests.swift; sourceTree = "<group>"; };
		7ED551CF2651730F00B6E01C /* Info.plist */ = {isa = PBXFileReference; lastKnownFileType = text.plist.xml; path = Info.plist; sourceTree = "<group>"; };
		7ED551D42651730F00B6E01C /* labTestUITests.xctest */ = {isa = PBXFileReference; explicitFileType = wrapper.cfbundle; includeInIndex = 0; path = labTestUITests.xctest; sourceTree = BUILT_PRODUCTS_DIR; };
		7ED551D82651730F00B6E01C /* labTestUITests.swift */ = {isa = PBXFileReference; lastKnownFileType = sourcecode.swift; path = labTestUITests.swift; sourceTree = "<group>"; };
		7ED551DA2651730F00B6E01C /* Info.plist */ = {isa = PBXFileReference; lastKnownFileType = text.plist.xml; path = Info.plist; sourceTree = "<group>"; };
/* End PBXFileReference section */

/* Begin PBXFrameworksBuildPhase section */
		7ED551B02651730E00B6E01C /* Frameworks */ = {
			isa = PBXFrameworksBuildPhase;
			buildActionMask = 2147483647;
			files = (
			);
			runOnlyForDeploymentPostprocessing = 0;
		};
		7ED551C62651730F00B6E01C /* Frameworks */ = {
			isa = PBXFrameworksBuildPhase;
			buildActionMask = 2147483647;
			files = (
			);
			runOnlyForDeploymentPostprocessing = 0;
		};
		7ED551D12651730F00B6E01C /* Frameworks */ = {
			isa = PBXFrameworksBuildPhase;
			buildActionMask = 2147483647;
			files = (
			);
			runOnlyForDeploymentPostprocessing = 0;
		};
/* End PBXFrameworksBuildPhase section */

/* Begin PBXGroup section */
		7ED551AA2651730E00B6E01C = {
			isa = PBXGroup;
			children = (
				7ED551B52651730E00B6E01C /* labTest */,
				7ED551CC2651730F00B6E01C /* labTestTests */,
				7ED551D72651730F00B6E01C /* labTestUITests */,
				7ED551B42651730E00B6E01C /* Products */,
			);
			sourceTree = "<group>";
		};
		7ED551B42651730E00B6E01C /* Products */ = {
			isa = PBXGroup;
			children = (
				7ED551B32651730E00B6E01C /* labTest.app */,
				7ED551C92651730F00B6E01C /* labTestTests.xctest */,
				7ED551D42651730F00B6E01C /* labTestUITests.xctest */,
			);
			name = Products;
			sourceTree = "<group>";
		};
		7ED551B52651730E00B6E01C /* labTest */ = {
			isa = PBXGroup;
			children = (
				7ED551B62651730E00B6E01C /* AppDelegate.swift */,
				7ED551B82651730E00B6E01C /* SceneDelegate.swift */,
				7ED551BA2651730E00B6E01C /* ViewController.swift */,
				7ED551BC2651730E00B6E01C /* Main.storyboard */,
				7ED551BF2651730F00B6E01C /* Assets.xcassets */,
				7ED551C12651730F00B6E01C /* LaunchScreen.storyboard */,
				7ED551C42651730F00B6E01C /* Info.plist */,
			);
			path = labTest;
			sourceTree = "<group>";
		};
		7ED551CC2651730F00B6E01C /* labTestTests */ = {
			isa = PBXGroup;
			children = (
				7ED551CD2651730F00B6E01C /* labTestTests.swift */,
				7ED551CF2651730F00B6E01C /* Info.plist */,
			);
			path = labTestTests;
			sourceTree = "<group>";
		};
		7ED551D72651730F00B6E01C /* labTestUITests */ = {
			isa = PBXGroup;
			children = (
				7ED551D82651730F00B6E01C /* labTestUITests.swift */,
				7ED551DA2651730F00B6E01C /* Info.plist */,
			);
			path = labTestUITests;
			sourceTree = "<group>";
		};
/* End PBXGroup section */

/* Begin PBXNativeTarget section */
		7ED551B22651730E00B6E01C /* labTest */ = {
			isa = PBXNativeTarget;
			buildConfigurationList = 7ED551DD2651730F00B6E01C /* Build configuration list for PBXNativeTarget "labTest" */;
			buildPhases = (
				7ED551AF2651730E00B6E01C /* Sources */,
				7ED551B02651730E00B6E01C /* Frameworks */,
				7ED551B12651730E00B6E01C /* Resources */,
			);
			buildRules = (
			);
			dependencies = (
			);
			name = labTest;
			productName = labTest;
			productReference = 7ED551B32651730E00B6E01C /* labTest.app */;
			productType = "com.apple.product-type.application";
		};
		7ED551C82651730F00B6E01C /* labTestTests */ = {
			isa = PBXNativeTarget;
			buildConfigurationList = 7ED551E02651730F00B6E01C /* Build configuration list for PBXNativeTarget "labTestTests" */;
			buildPhases = (
				7ED551C52651730F00B6E01C /* Sources */,
				7ED551C62651730F00B6E01C /* Frameworks */,
				7ED551C72651730F00B6E01C /* Resources */,
			);
			buildRules = (
			);
			dependencies = (
				7ED551CB2651730F00B6E01C /* PBXTargetDependency */,
			);
			name = labTestTests;
			productName = labTestTests;
			productReference = 7ED551C92651730F00B6E01C /* labTestTests.xctest */;
			productType = "com.apple.product-type.bundle.unit-test";
		};
		7ED551D32651730F00B6E01C /* labTestUITests */ = {
			isa = PBXNativeTarget;
			buildConfigurationList = 7ED551E32651730F00B6E01C /* Build configuration list for PBXNativeTarget "labTestUITests" */;
			buildPhases = (
				7ED551D02651730F00B6E01C /* Sources */,
				7ED551D12651730F00B6E01C /* Frameworks */,
				7ED551D22651730F00B6E01C /* Resources */,
			);
			buildRules = (
			);
			dependencies = (
				7ED551D62651730F00B6E01C /* PBXTargetDependency */,
			);
			name = labTestUITests;
			productName = labTestUITests;
			productReference = 7ED551D42651730F00B6E01C /* labTestUITests.xctest */;
			productType = "com.apple.product-type.bundle.ui-testing";
		};
/* End PBXNativeTarget section */

/* Begin PBXProject section */
		7ED551AB2651730E00B6E01C /* Project object */ = {
			isa = PBXProject;
			attributes = {
				LastSwiftUpdateCheck = 1120;
				LastUpgradeCheck = 1120;
				ORGANIZATIONNAME = "Saurav Bajracharya";
				TargetAttributes = {
					7ED551B22651730E00B6E01C = {
						CreatedOnToolsVersion = 11.2.1;
					};
					7ED551C82651730F00B6E01C = {
						CreatedOnToolsVersion = 11.2.1;
						TestTargetID = 7ED551B22651730E00B6E01C;
					};
					7ED551D32651730F00B6E01C = {
						CreatedOnToolsVersion = 11.2.1;
						TestTargetID = 7ED551B22651730E00B6E01C;
					};
				};
			};
			buildConfigurationList = 7ED551AE2651730E00B6E01C /* Build configuration list for PBXProject "labTest" */;
			compatibilityVersion = "Xcode 9.3";
			developmentRegion = en;
			hasScannedForEncodings = 0;
			knownRegions = (
				en,
				Base,
			);
			mainGroup = 7ED551AA2651730E00B6E01C;
			productRefGroup = 7ED551B42651730E00B6E01C /* Products */;
			projectDirPath = "";
			projectRoot = "";
			targets = (
				7ED551B22651730E00B6E01C /* labTest */,
				7ED551C82651730F00B6E01C /* labTestTests */,
				7ED551D32651730F00B6E01C /* labTestUITests */,
			);
		};
/* End PBXProject section */

/* Begin PBXResourcesBuildPhase section */
		7ED551B12651730E00B6E01C /* Resources */ = {
			isa = PBXResourcesBuildPhase;
			buildActionMask = 2147483647;
			files = (
				7ED551C32651730F00B6E01C /* LaunchScreen.storyboard in Resources */,
				7ED551C02651730F00B6E01C /* Assets.xcassets in Resources */,
				7ED551BE2651730E00B6E01C /* Main.storyboard in Resources */,
			);
			runOnlyForDeploymentPostprocessing = 0;
		};
		7ED551C72651730F00B6E01C /* Resources */ = {
			isa = PBXResourcesBuildPhase;
			buildActionMask = 2147483647;
			files = (
			);
			runOnlyForDeploymentPostprocessing = 0;
		};
		7ED551D22651730F00B6E01C /* Resources */ = {
			isa = PBXResourcesBuildPhase;
			buildActionMask = 2147483647;
			files = (
			);
			runOnlyForDeploymentPostprocessing = 0;
		};
/* End PBXResourcesBuildPhase section */

/* Begin PBXSourcesBuildPhase section */
		7ED551AF2651730E00B6E01C /* Sources */ = {
			isa = PBXSourcesBuildPhase;
			buildActionMask = 2147483647;
			files = (
				7ED551BB2651730E00B6E01C /* ViewController.swift in Sources */,
				7ED551B72651730E00B6E01C /* AppDelegate.swift in Sources */,
				7ED551B92651730E00B6E01C /* SceneDelegate.swift in Sources */,
			);
			runOnlyForDeploymentPostprocessing = 0;
		};
		7ED551C52651730F00B6E01C /* Sources */ = {
			isa = PBXSourcesBuildPhase;
			buildActionMask = 2147483647;
			files = (
				7ED551CE2651730F00B6E01C /* labTestTests.swift in Sources */,
			);
			runOnlyForDeploymentPostprocessing = 0;
		};
		7ED551D02651730F00B6E01C /* Sources */ = {
			isa = PBXSourcesBuildPhase;
			buildActionMask = 2147483647;
			files = (
				7ED551D92651730F00B6E01C /* labTestUITests.swift in Sources */,
			);
			runOnlyForDeploymentPostprocessing = 0;
		};
/* End PBXSourcesBuildPhase section */

/* Begin PBXTargetDependency section */
		7ED551CB2651730F00B6E01C /* PBXTargetDependency */ = {
			isa = PBXTargetDependency;
			target = 7ED551B22651730E00B6E01C /* labTest */;
			targetProxy = 7ED551CA2651730F00B6E01C /* PBXContainerItemProxy */;
		};
		7ED551D62651730F00B6E01C /* PBXTargetDependency */ = {
			isa = PBXTargetDependency;
			target = 7ED551B22651730E00B6E01C /* labTest */;
			targetProxy = 7ED551D52651730F00B6E01C /* PBXContainerItemProxy */;
		};
/* End PBXTargetDependency section */

/* Begin PBXVariantGroup section */
		7ED551BC2651730E00B6E01C /* Main.storyboard */ = {
			isa = PBXVariantGroup;
			children = (
				7ED551BD2651730E00B6E01C /* Base */,
			);
			name = Main.storyboard;
			sourceTree = "<group>";
		};
		7ED551C12651730F00B6E01C /* LaunchScreen.storyboard */ = {
			isa = PBXVariantGroup;
			children = (
				7ED551C22651730F00B6E01C /* Base */,
			);
			name = LaunchScreen.storyboard;
			sourceTree = "<group>";
		};
/* End PBXVariantGroup section */

/* Begin XCBuildConfiguration section */
		7ED551DB2651730F00B6E01C /* Debug */ = {
			isa = XCBuildConfiguration;
			buildSettings = {
				ALWAYS_SEARCH_USER_PATHS = NO;
				CLANG_ANALYZER_NONNULL = YES;
				CLANG_ANALYZER_NUMBER_OBJECT_CONVERSION = YES_AGGRESSIVE;
				CLANG_CXX_LANGUAGE_STANDARD = "gnu++14";
				CLANG_CXX_LIBRARY = "libc++";
				CLANG_ENABLE_MODULES = YES;
				CLANG_ENABLE_OBJC_ARC = YES;
				CLANG_ENABLE_OBJC_WEAK = YES;
				CLANG_WARN_BLOCK_CAPTURE_AUTORELEASING = YES;
				CLANG_WARN_BOOL_CONVERSION = YES;
				CLANG_WARN_COMMA = YES;
				CLANG_WARN_CONSTANT_CONVERSION = YES;
				CLANG_WARN_DEPRECATED_OBJC_IMPLEMENTATIONS = YES;
				CLANG_WARN_DIRECT_OBJC_ISA_USAGE = YES_ERROR;
				CLANG_WARN_DOCUMENTATION_COMMENTS = YES;
				CLANG_WARN_EMPTY_BODY = YES;
				CLANG_WARN_ENUM_CONVERSION = YES;
				CLANG_WARN_INFINITE_RECURSION = YES;
				CLANG_WARN_INT_CONVERSION = YES;
				CLANG_WARN_NON_LITERAL_NULL_CONVERSION = YES;
				CLANG_WARN_OBJC_IMPLICIT_RETAIN_SELF = YES;
				CLANG_WARN_OBJC_LITERAL_CONVERSION = YES;
				CLANG_WARN_OBJC_ROOT_CLASS = YES_ERROR;
				CLANG_WARN_RANGE_LOOP_ANALYSIS = YES;
				CLANG_WARN_STRICT_PROTOTYPES = YES;
				CLANG_WARN_SUSPICIOUS_MOVE = YES;
				CLANG_WARN_UNGUARDED_AVAILABILITY = YES_AGGRESSIVE;
				CLANG_WARN_UNREACHABLE_CODE = YES;
				CLANG_WARN__DUPLICATE_METHOD_MATCH = YES;
				COPY_PHASE_STRIP = NO;
				DEBUG_INFORMATION_FORMAT = dwarf;
				ENABLE_STRICT_OBJC_MSGSEND = YES;
				ENABLE_TESTABILITY = YES;
				GCC_C_LANGUAGE_STANDARD = gnu11;
				GCC_DYNAMIC_NO_PIC = NO;
				GCC_NO_COMMON_BLOCKS = YES;
				GCC_OPTIMIZATION_LEVEL = 0;
				GCC_PREPROCESSOR_DEFINITIONS = (
					"DEBUG=1",
					"$(inherited)",
				);
				GCC_WARN_64_TO_32_BIT_CONVERSION = YES;
				GCC_WARN_ABOUT_RETURN_TYPE = YES_ERROR;
				GCC_WARN_UNDECLARED_SELECTOR = YES;
				GCC_WARN_UNINITIALIZED_AUTOS = YES_AGGRESSIVE;
				GCC_WARN_UNUSED_FUNCTION = YES;
				GCC_WARN_UNUSED_VARIABLE = YES;
				IPHONEOS_DEPLOYMENT_TARGET = 13.2;
				MTL_ENABLE_DEBUG_INFO = INCLUDE_SOURCE;
				MTL_FAST_MATH = YES;
				ONLY_ACTIVE_ARCH = YES;
				SDKROOT = iphoneos;
				SWIFT_ACTIVE_COMPILATION_CONDITIONS = DEBUG;
				SWIFT_OPTIMIZATION_LEVEL = "-Onone";
			};
			name = Debug;
		};
		7ED551DC2651730F00B6E01C /* Release */ = {
			isa = XCBuildConfiguration;
			buildSettings = {
				ALWAYS_SEARCH_USER_PATHS = NO;
				CLANG_ANALYZER_NONNULL = YES;
				CLANG_ANALYZER_NUMBER_OBJECT_CONVERSION = YES_AGGRESSIVE;
				CLANG_CXX_LANGUAGE_STANDARD = "gnu++14";
				CLANG_CXX_LIBRARY = "libc++";
				CLANG_ENABLE_MODULES = YES;
				CLANG_ENABLE_OBJC_ARC = YES;
				CLANG_ENABLE_OBJC_WEAK = YES;
				CLANG_WARN_BLOCK_CAPTURE_AUTORELEASING = YES;
				CLANG_WARN_BOOL_CONVERSION = YES;
				CLANG_WARN_COMMA = YES;
				CLANG_WARN_CONSTANT_CONVERSION = YES;
				CLANG_WARN_DEPRECATED_OBJC_IMPLEMENTATIONS = YES;
				CLANG_WARN_DIRECT_OBJC_ISA_USAGE = YES_ERROR;
				CLANG_WARN_DOCUMENTATION_COMMENTS = YES;
				CLANG_WARN_EMPTY_BODY = YES;
				CLANG_WARN_ENUM_CONVERSION = YES;
				CLANG_WARN_INFINITE_RECURSION = YES;
				CLANG_WARN_INT_CONVERSION = YES;
				CLANG_WARN_NON_LITERAL_NULL_CONVERSION = YES;
				CLANG_WARN_OBJC_IMPLICIT_RETAIN_SELF = YES;
				CLANG_WARN_OBJC_LITERAL_CONVERSION = YES;
				CLANG_WARN_OBJC_ROOT_CLASS = YES_ERROR;
				CLANG_WARN_RANGE_LOOP_ANALYSIS = YES;
				CLANG_WARN_STRICT_PROTOTYPES = YES;
				CLANG_WARN_SUSPICIOUS_MOVE = YES;
				CLANG_WARN_UNGUARDED_AVAILABILITY = YES_AGGRESSIVE;
				CLANG_WARN_UNREACHABLE_CODE = YES;
				CLANG_WARN__DUPLICATE_METHOD_MATCH = YES;
				COPY_PHASE_STRIP = NO;
				DEBUG_INFORMATION_FORMAT = "dwarf-with-dsym";
				ENABLE_NS_ASSERTIONS = NO;
				ENABLE_STRICT_OBJC_MSGSEND = YES;
				GCC_C_LANGUAGE_STANDARD = gnu11;
				GCC_NO_COMMON_BLOCKS = YES;
				GCC_WARN_64_TO_32_BIT_CONVERSION = YES;
				GCC_WARN_ABOUT_RETURN_TYPE = YES_ERROR;
				GCC_WARN_UNDECLARED_SELECTOR = YES;
				GCC_WARN_UNINITIALIZED_AUTOS = YES_AGGRESSIVE;
				GCC_WARN_UNUSED_FUNCTION = YES;
				GCC_WARN_UNUSED_VARIABLE = YES;
				IPHONEOS_DEPLOYMENT_TARGET = 13.2;
				MTL_ENABLE_DEBUG_INFO = NO;
				MTL_FAST_MATH = YES;
				SDKROOT = iphoneos;
				SWIFT_COMPILATION_MODE = wholemodule;
				SWIFT_OPTIMIZATION_LEVEL = "-O";
				VALIDATE_PRODUCT = YES;
			};
			name = Release;
		};
		7ED551DE2651730F00B6E01C /* Debug */ = {
			isa = XCBuildConfiguration;
			buildSettings = {
				ASSETCATALOG_COMPILER_APPICON_NAME = AppIcon;
				CODE_SIGN_STYLE = Automatic;
				INFOPLIST_FILE = labTest/Info.plist;
				LD_RUNPATH_SEARCH_PATHS = (
					"$(inherited)",
					"@executable_path/Frameworks",
				);
				PRODUCT_BUNDLE_IDENTIFIER = mapdemo.labTest;
				PRODUCT_NAME = "$(TARGET_NAME)";
				SWIFT_VERSION = 5.0;
				TARGETED_DEVICE_FAMILY = "1,2";
			};
			name = Debug;
		};
		7ED551DF2651730F00B6E01C /* Release */ = {
			isa = XCBuildConfiguration;
			buildSettings = {
				ASSETCATALOG_COMPILER_APPICON_NAME = AppIcon;
				CODE_SIGN_STYLE = Automatic;
				INFOPLIST_FILE = labTest/Info.plist;
				LD_RUNPATH_SEARCH_PATHS = (
					"$(inherited)",
					"@executable_path/Frameworks",
				);
				PRODUCT_BUNDLE_IDENTIFIER = mapdemo.labTest;
				PRODUCT_NAME = "$(TARGET_NAME)";
				SWIFT_VERSION = 5.0;
				TARGETED_DEVICE_FAMILY = "1,2";
			};
			name = Release;
		};
		7ED551E12651730F00B6E01C /* Debug */ = {
			isa = XCBuildConfiguration;
			buildSettings = {
				ALWAYS_EMBED_SWIFT_STANDARD_LIBRARIES = YES;
				BUNDLE_LOADER = "$(TEST_HOST)";
				CODE_SIGN_STYLE = Automatic;
				INFOPLIST_FILE = labTestTests/Info.plist;
				IPHONEOS_DEPLOYMENT_TARGET = 13.2;
				LD_RUNPATH_SEARCH_PATHS = (
					"$(inherited)",
					"@executable_path/Frameworks",
					"@loader_path/Frameworks",
				);
				PRODUCT_BUNDLE_IDENTIFIER = mapdemo.labTestTests;
				PRODUCT_NAME = "$(TARGET_NAME)";
				SWIFT_VERSION = 5.0;
				TARGETED_DEVICE_FAMILY = "1,2";
				TEST_HOST = "$(BUILT_PRODUCTS_DIR)/labTest.app/labTest";
			};
			name = Debug;
		};
		7ED551E22651730F00B6E01C /* Release */ = {
			isa = XCBuildConfiguration;
			buildSettings = {
				ALWAYS_EMBED_SWIFT_STANDARD_LIBRARIES = YES;
				BUNDLE_LOADER = "$(TEST_HOST)";
				CODE_SIGN_STYLE = Automatic;
				INFOPLIST_FILE = labTestTests/Info.plist;
				IPHONEOS_DEPLOYMENT_TARGET = 13.2;
				LD_RUNPATH_SEARCH_PATHS = (
					"$(inherited)",
					"@executable_path/Frameworks",
					"@loader_path/Frameworks",
				);
				PRODUCT_BUNDLE_IDENTIFIER = mapdemo.labTestTests;
				PRODUCT_NAME = "$(TARGET_NAME)";
				SWIFT_VERSION = 5.0;
				TARGETED_DEVICE_FAMILY = "1,2";
				TEST_HOST = "$(BUILT_PRODUCTS_DIR)/labTest.app/labTest";
			};
			name = Release;
		};
		7ED551E42651730F00B6E01C /* Debug */ = {
			isa = XCBuildConfiguration;
			buildSettings = {
				ALWAYS_EMBED_SWIFT_STANDARD_LIBRARIES = YES;
				CODE_SIGN_STYLE = Automatic;
				INFOPLIST_FILE = labTestUITests/Info.plist;
				LD_RUNPATH_SEARCH_PATHS = (
					"$(inherited)",
					"@executable_path/Frameworks",
					"@loader_path/Frameworks",
				);
				PRODUCT_BUNDLE_IDENTIFIER = mapdemo.labTestUITests;
				PRODUCT_NAME = "$(TARGET_NAME)";
				SWIFT_VERSION = 5.0;
				TARGETED_DEVICE_FAMILY = "1,2";
				TEST_TARGET_NAME = labTest;
			};
			name = Debug;
		};
		7ED551E52651730F00B6E01C /* Release */ = {
			isa = XCBuildConfiguration;
			buildSettings = {
				ALWAYS_EMBED_SWIFT_STANDARD_LIBRARIES = YES;
				CODE_SIGN_STYLE = Automatic;
				INFOPLIST_FILE = labTestUITests/Info.plist;
				LD_RUNPATH_SEARCH_PATHS = (
					"$(inherited)",
					"@executable_path/Frameworks",
					"@loader_path/Frameworks",
				);
				PRODUCT_BUNDLE_IDENTIFIER = mapdemo.labTestUITests;
				PRODUCT_NAME = "$(TARGET_NAME)";
				SWIFT_VERSION = 5.0;
				TARGETED_DEVICE_FAMILY = "1,2";
				TEST_TARGET_NAME = labTest;
			};
			name = Release;
		};
/* End XCBuildConfiguration section */

/* Begin XCConfigurationList section */
		7ED551AE2651730E00B6E01C /* Build configuration list for PBXProject "labTest" */ = {
			isa = XCConfigurationList;
			buildConfigurations = (
				7ED551DB2651730F00B6E01C /* Debug */,
				7ED551DC2651730F00B6E01C /* Release */,
			);
			defaultConfigurationIsVisible = 0;
			defaultConfigurationName = Release;
		};
		7ED551DD2651730F00B6E01C /* Build configuration list for PBXNativeTarget "labTest" */ = {
			isa = XCConfigurationList;
			buildConfigurations = (
				7ED551DE2651730F00B6E01C /* Debug */,
				7ED551DF2651730F00B6E01C /* Release */,
			);
			defaultConfigurationIsVisible = 0;
			defaultConfigurationName = Release;
		};
		7ED551E02651730F00B6E01C /* Build configuration list for PBXNativeTarget "labTestTests" */ = {
			isa = XCConfigurationList;
			buildConfigurations = (
				7ED551E12651730F00B6E01C /* Debug */,
				7ED551E22651730F00B6E01C /* Release */,
			);
			defaultConfigurationIsVisible = 0;
			defaultConfigurationName = Release;
		};
		7ED551E32651730F00B6E01C /* Build configuration list for PBXNativeTarget "labTestUITests" */ = {
			isa = XCConfigurationList;
			buildConfigurations = (
				7ED551E42651730F00B6E01C /* Debug */,
				7ED551E52651730F00B6E01C /* Release */,
			);
			defaultConfigurationIsVisible = 0;
			defaultConfigurationName = Release;
		};
/* End XCConfigurationList section */
	};
	rootObject = 7ED551AB2651730E00B6E01C /* Project object */;
}
